
Microsoft Visual Studio Solution File, Format Version 12.00
# Visual Studio 15
VisualStudioVersion = 15.0.28307.757
MinimumVisualStudioVersion = 10.0.40219.1
Project("{8BC9CEB8-8B4A-11D0-8D11-00A0C91BC942}") = "9.29游戏精灵初步", "9.29游戏精灵初步\9.29游戏精灵初步.vcxproj", "{89D347EF-5EBE-416A-AAD6-6DB1FBE55C88}"
EndProject
Global
	GlobalSection(SolutionConfigurationPlatforms) = preSolution
		Debug|x64 = Debug|x64
		Debug|x86 = Debug|x86
		Release|x64 = Release|x64
		Release|x86 = Release|x86
	EndGlobalSection
	GlobalSection(ProjectConfigurationPlatforms) = postSolution
		{89D347EF-5EBE-416A-AAD6-6DB1FBE55C88}.Debug|x64.ActiveCfg = Debug|x64
		{89D347EF-5EBE-416A-AAD6-6DB1FBE55C88}.Debug|x64.Build.0 = Debug|x64
		{89D347EF-5EBE-416A-AAD6-6DB1FBE55C88}.Debug|x86.ActiveCfg = Debug|Win32
		{89D347EF-5EBE-416A-AAD6-6DB1FBE55C88}.Debug|x86.Build.0 = Debug|Win32
		{89D347EF-5EBE-416A-AAD6-6DB1FBE55C88}.Release|x64.ActiveCfg = Release|x64
		{89D347EF-5EBE-416A-AAD6-6DB1FBE55C88}.Release|x64.Build.0 = Release|x64
		{89D347EF-5EBE-416A-AAD6-6DB1FBE55C88}.Release|x86.ActiveCfg = Release|Win32
		{89D347EF-5EBE-416A-AAD6-6DB1FBE55C88}.Release|x86.Build.0 = Release|Win32
	EndGlobalSection
	GlobalSection(SolutionProperties) = preSolution
		HideSolutionNode = FALSE
	EndGlobalSection
	GlobalSection(ExtensibilityGlobals) = postSolution
		SolutionGuid = {1AD8CA69-9AA3-47D4-ABB5-8692FB3C28ED}
	EndGlobalSection
EndGlobal
